
Microsoft Visual Studio Solution File, Format Version 12.00
# Visual Studio Version 16
VisualStudioVersion = 16.0.29411.108
MinimumVisualStudioVersion = 10.0.40219.1
Project("{FAE04EC0-301F-11D3-BF4B-00C04F79EFBC}") = "Numbers", "Numbers\Numbers.csproj", "{D2FF683F-5D13-4DC3-95F8-58D95A89E71F}"
EndProject
Global
	GlobalSection(SolutionConfigurationPlatforms) = preSolution
		Debug|Any CPU = Debug|Any CPU
		Release|Any CPU = Release|Any CPU
	EndGlobalSection
	GlobalSection(ProjectConfigurationPlatforms) = postSolution
		{D2FF683F-5D13-4DC3-95F8-58D95A89E71F}.Debug|Any CPU.ActiveCfg = Debug|Any CPU
		{D2FF683F-5D13-4DC3-95F8-58D95A89E71F}.Debug|Any CPU.Build.0 = Debug|Any CPU
		{D2FF683F-5D13-4DC3-95F8-58D95A89E71F}.Release|Any CPU.ActiveCfg = Release|Any CPU
		{D2FF683F-5D13-4DC3-95F8-58D95A89E71F}.Release|Any CPU.Build.0 = Release|Any CPU
	EndGlobalSection
	GlobalSection(SolutionProperties) = preSolution
		HideSolutionNode = FALSE
	EndGlobalSection
	GlobalSection(ExtensibilityGlobals) = postSolution
		SolutionGuid = {8432BBFC-2561-41F6-A0CE-7BA08E9AA0E8}
	EndGlobalSection
EndGlobal
